dependencies:
- name: redis
  repository: https://charts.bitnami.com/bitnami
  version: 17.15.4
- name: postgresql
  repository: https://charts.bitnami.com/bitnami
  version: 12.11.0
- name: mlflow
  repository: https://community-charts.github.io/helm-charts
  version: 0.9.0
digest: sha256:ec540c55d298846fe82524928666a70656b3713c0967e8b0f2868d25589e5d92
generated: "2025-11-06T21:07:48.8860517+05:30"
